{
  "nodes": {
    "flake-utils": {
      "inputs": {
        "systems": "systems"
      },
      "locked": {
        "lastModified": 1731533236,
        "narHash": "sha256-l0KFg5HjrsfsO/JpG+r7fRrqm12kzFHyUHqHCVpMMbI=",
        "owner": "numtide",
        "repo": "flake-utils",
        "rev": "11707dc2f618dd54ca8739b309ec4fc024de578b",
        "type": "github"
      },
      "original": {
        "owner": "numtide",
        "repo": "flake-utils",
        "type": "github"
      }
    },
    "nixpkgs": {
      "locked": {
        "lastModified": 1778383300,
        "narHash": "sha256-3Sz4vcsXEruoNBz+r8CdkXBEnn6flBWcZFdP+cVRMXI=",
        "owner": "nixos",
        "repo": "nixpkgs",
        "rev": "522286912f01bb3fef3cb8ebae8d14dcc0bc5a90",
        "type": "github"
      },
      "original": {
        "owner": "nixos",
        "repo": "nixpkgs",
        "type": "github"
      }
    },
    "nixpkgs_2": {
      "locked": {
        "lastModified": 1778003029,
        "narHash": "sha256-q/nkKLDtHIyLjZpKhWk3cSK5IYsFqtMd6UtXF3ddjgA=",
        "owner": "NixOS",
        "repo": "nixpkgs",
        "rev": "0c88e1f2bdb93d5999019e99cb0e61e1fe2af4c5",
        "type": "github"
      },
      "original": {
        "owner": "NixOS",
        "ref": "nixos-25.11",
        "repo": "nixpkgs",
        "type": "github"
      }
    },
    "root": {
      "inputs": {
        "zig2nix": "zig2nix",
        "zls-overlay": "zls-overlay"
      }
    },
    "systems": {
      "locked": {
        "lastModified": 1681028828,
        "narHash": "sha256-Vy1rq5AaRuLzOxct8nz4T6wlgyUR7zLU309k9mBC768=",
        "owner": "nix-systems",
        "repo": "default",
        "rev": "da67096a3b9bf56a91d16901293e51ba5b49a27e",
        "type": "github"
      },
      "original": {
        "owner": "nix-systems",
        "repo": "default",
        "type": "github"
      }
    },
    "zig-flake": {
      "inputs": {
        "nixpkgs": [
          "zls-overlay",
          "nixpkgs"
        ]
      },
      "locked": {
        "lastModified": 1778043693,
        "narHash": "sha256-bXki1eB4/4tDKzkASk036jGRLE1RyQkxKWcT4mPoCO4=",
        "owner": "silversquirl",
        "repo": "zig-flake",
        "rev": "571f9f364b2b5555ba8c155806f39545bca71997",
        "type": "github"
      },
      "original": {
        "owner": "silversquirl",
        "repo": "zig-flake",
        "type": "github"
      }
    },
    "zig2nix": {
      "inputs": {
        "flake-utils": "flake-utils",
        "nixpkgs": "nixpkgs"
      },
      "locked": {
        "lastModified": 1778384158,
        "narHash": "sha256-Bd0c7G4P+q2EsG91GZSYAebRquvWAjGiN0iOTqOVJ1I=",
        "owner": "cloudef",
        "repo": "zig2nix",
        "rev": "b19d392012f39991011ccb88478c42bde6ee4ecc",
        "type": "github"
      },
      "original": {
        "owner": "cloudef",
        "repo": "zig2nix",
        "type": "github"
      }
    },
    "zls-overlay": {
      "inputs": {
        "nixpkgs": "nixpkgs_2",
        "zig-flake": "zig-flake"
      },
      "locked": {
        "lastModified": 1778162772,
        "narHash": "sha256-P9xzqmPR1iq/iY8YKVbrhC0cICxL6UroKraECNLNxFc=",
        "owner": "zigtools",
        "repo": "zls",
        "rev": "f298676494808ce800d4e805e510e31f3cbd7335",
        "type": "github"
      },
      "original": {
        "owner": "zigtools",
        "repo": "zls",
        "type": "github"
      }
    }
  },
  "root": "root",
  "version": 7
}
